{
  "name": "MacGate",
  "lockfileVersion": 3,
  "requires": true,
  "packages": {
    "": {
      "dependencies": {
        "animejs": "^4.5.0"
      }
    },
    "node_modules/animejs": {
      "version": "4.5.0",
      "resolved": "https://registry.npmjs.org/animejs/-/animejs-4.5.0.tgz",
      "integrity": "sha512-NQimYX+lz8WaXonGS9zVVoviCIAjONeJayxacUditaivYLqyXgGjFKjuyl0aUUhFKm5MriX9ty1TGovNzoJQWA==",
      "license": "MIT",
      "funding": {
        "type": "github",
        "url": "https://github.com/sponsors/juliangarnier"
      },
      "peerDependencies": {
        "@types/three": ">=0.150.0",
        "three": ">=0.150.0"
      },
      "peerDependenciesMeta": {
        "@types/three": {
          "optional": true
        },
        "three": {
          "optional": true
        }
      }
    }
  }
}
